// !$*UTF8*$!
{
	archiveVersion = 1;
	classes = {
	};
	objectVersion = 46;
	objects = {

/* Begin PBXBuildFile section */
		1763057C1DAB6F4D00AD2699 /* RLRequest.m in Sources */ = {isa = PBXBuildFile; fileRef = 1763057B1DAB6F4D00AD2699 /* RLRequest.m */; };
		176305821DAB78F900AD2699 /* GetShoolDetailInfo.m in Sources */ = {isa = PBXBuildFile; fileRef = 176305811DAB78F900AD2699 /* GetShoolDetailInfo.m */; };
		176305A31DAB955D00AD2699 /* YTKBaseRequest+ZTRequest.m in Sources */ = {isa = PBXBuildFile; fileRef = 176305A21DAB955D00AD2699 /* YTKBaseRequest+ZTRequest.m */; };
		176305A61DAB95EA00AD2699 /* ZTHSchoolDetailInfoResult.m in Sources */ = {isa = PBXBuildFile; fileRef = 176305A51DAB95EA00AD2699 /* ZTHSchoolDetailInfoResult.m */; };
		17F9A21C1DA9CE5E00512756 /* main.m in Sources */ = {isa = PBXBuildFile; fileRef = 17F9A21B1DA9CE5E00512756 /* main.m */; };
		17F9A21F1DA9CE5E00512756 /* AppDelegate.m in Sources */ = {isa = PBXBuildFile; fileRef = 17F9A21E1DA9CE5E00512756 /* AppDelegate.m */; };
		17F9A2221DA9CE5E00512756 /* ViewController.m in Sources */ = {isa = PBXBuildFile; fileRef = 17F9A2211DA9CE5E00512756 /* ViewController.m */; };
		17F9A2251DA9CE5E00512756 /* Main.storyboard in Resources */ = {isa = PBXBuildFile; fileRef = 17F9A2231DA9CE5E00512756 /* Main.storyboard */; };
		17F9A2281DA9CE5E00512756 /* RLProject.xcdatamodeld in Sources */ = {isa = PBXBuildFile; fileRef = 17F9A2261DA9CE5E00512756 /* RLProject.xcdatamodeld */; };
		17F9A22A1DA9CE5E00512756 /* Assets.xcassets in Resources */ = {isa = PBXBuildFile; fileRef = 17F9A2291DA9CE5E00512756 /* Assets.xcassets */; };
		17F9A22D1DA9CE5E00512756 /* LaunchScreen.storyboard in Resources */ = {isa = PBXBuildFile; fileRef = 17F9A22B1DA9CE5E00512756 /* LaunchScreen.storyboard */; };
		17F9A2381DA9CE5E00512756 /* RLProjectTests.m in Sources */ = {isa = PBXBuildFile; fileRef = 17F9A2371DA9CE5E00512756 /* RLProjectTests.m */; };
		17F9A2431DA9CE5E00512756 /* RLProjectUITests.m in Sources */ = {isa = PBXBuildFile; fileRef = 17F9A2421DA9CE5E00512756 /* RLProjectUITests.m */; };
		17F9A2641DA9E53B00512756 /* ConstDefine.m in Sources */ = {isa = PBXBuildFile; fileRef = 17F9A2631DA9E53B00512756 /* ConstDefine.m */; };
		17F9A2711DA9E67800512756 /* ZTHDateFormatterFactory.m in Sources */ = {isa = PBXBuildFile; fileRef = 17F9A2661DA9E67800512756 /* ZTHDateFormatterFactory.m */; };
		17F9A2721DA9E67800512756 /* ZTHJsonUtils.m in Sources */ = {isa = PBXBuildFile; fileRef = 17F9A2681DA9E67800512756 /* ZTHJsonUtils.m */; };
		17F9A2731DA9E67800512756 /* ZTHSandbox.m in Sources */ = {isa = PBXBuildFile; fileRef = 17F9A26A1DA9E67800512756 /* ZTHSandbox.m */; };
		17F9A2741DA9E67800512756 /* ZTHSystemInfo.m in Sources */ = {isa = PBXBuildFile; fileRef = 17F9A26C1DA9E67800512756 /* ZTHSystemInfo.m */; };
		17F9A2751DA9E67800512756 /* ZTHUserDefaults.m in Sources */ = {isa = PBXBuildFile; fileRef = 17F9A26E1DA9E67800512756 /* ZTHUserDefaults.m */; };
		17F9A2761DA9E67800512756 /* ZTHVersion.m in Sources */ = {isa = PBXBuildFile; fileRef = 17F9A2701DA9E67800512756 /* ZTHVersion.m */; };
		17F9A2C21DA9E90000512756 /* NSDate+ZLExtension.m in Sources */ = {isa = PBXBuildFile; fileRef = 17F9A27A1DA9E90000512756 /* NSDate+ZLExtension.m */; };
		17F9A2C31DA9E90000512756 /* NSDateFormatter+ZTHFactory.m in Sources */ = {isa = PBXBuildFile; fileRef = 17F9A27C1DA9E90000512756 /* NSDateFormatter+ZTHFactory.m */; };
		17F9A2C41DA9E90000512756 /* NSDictionary+Accessors.m in Sources */ = {isa = PBXBuildFile; fileRef = 17F9A27F1DA9E90000512756 /* NSDictionary+Accessors.m */; };
		17F9A2C51DA9E90000512756 /* NSMutableAttributedString+utils.m in Sources */ = {isa = PBXBuildFile; fileRef = 17F9A2821DA9E90000512756 /* NSMutableAttributedString+utils.m */; };
		17F9A2C81DA9E90000512756 /* NSString+Category.m in Sources */ = {isa = PBXBuildFile; fileRef = 17F9A28A1DA9E90000512756 /* NSString+Category.m */; };
		17F9A2C91DA9E90000512756 /* NSString+MD5.m in Sources */ = {isa = PBXBuildFile; fileRef = 17F9A28C1DA9E90000512756 /* NSString+MD5.m */; };
		17F9A2CB1DA9E90000512756 /* NSString+RemoveEmoji.m in Sources */ = {isa = PBXBuildFile; fileRef = 17F9A2901DA9E90000512756 /* NSString+RemoveEmoji.m */; };
		17F9A2CC1DA9E90000512756 /* NSString+Safe.m in Sources */ = {isa = PBXBuildFile; fileRef = 17F9A2921DA9E90000512756 /* NSString+Safe.m */; };
		17F9A2CD1DA9E90000512756 /* NSString+ZLString2Date.m in Sources */ = {isa = PBXBuildFile; fileRef = 17F9A2941DA9E90000512756 /* NSString+ZLString2Date.m */; };
		17F9A2CE1DA9E90000512756 /* NSString+ZTHUtils.m in Sources */ = {isa = PBXBuildFile; fileRef = 17F9A2961DA9E90000512756 /* NSString+ZTHUtils.m */; };
		17F9A2D11DA9E90000512756 /* UIButton+ZTHBtnLayout.m in Sources */ = {isa = PBXBuildFile; fileRef = 17F9A29D1DA9E90000512756 /* UIButton+ZTHBtnLayout.m */; };
		17F9A2D21DA9E90000512756 /* UIColor+ImageGetColor.m in Sources */ = {isa = PBXBuildFile; fileRef = 17F9A2A01DA9E90000512756 /* UIColor+ImageGetColor.m */; };
		17F9A2D31DA9E90000512756 /* UIColor+ZTHImage.m in Sources */ = {isa = PBXBuildFile; fileRef = 17F9A2A21DA9E90000512756 /* UIColor+ZTHImage.m */; };
		17F9A2D41DA9E90000512756 /* UIImage+ImageEffects.m in Sources */ = {isa = PBXBuildFile; fileRef = 17F9A2A51DA9E90000512756 /* UIImage+ImageEffects.m */; };
		17F9A2D51DA9E90000512756 /* UIImage+ScaleImage.m in Sources */ = {isa = PBXBuildFile; fileRef = 17F9A2A71DA9E90000512756 /* UIImage+ScaleImage.m */; };
		17F9A2D61DA9E90000512756 /* UIImage+ZTHAlpha.m in Sources */ = {isa = PBXBuildFile; fileRef = 17F9A2A91DA9E90000512756 /* UIImage+ZTHAlpha.m */; };
		17F9A2D71DA9E90000512756 /* UIImage+ZTHColor.m in Sources */ = {isa = PBXBuildFile; fileRef = 17F9A2AB1DA9E90000512756 /* UIImage+ZTHColor.m */; };
		17F9A2D81DA9E90000512756 /* UIImage+ZTHResize.m in Sources */ = {isa = PBXBuildFile; fileRef = 17F9A2AD1DA9E90000512756 /* UIImage+ZTHResize.m */; };
		17F9A2D91DA9E90000512756 /* UIImage+ZTHRoundCorner.m in Sources */ = {isa = PBXBuildFile; fileRef = 17F9A2AF1DA9E90000512756 /* UIImage+ZTHRoundCorner.m */; };
		17F9A2DB1DA9E90000512756 /* UIImageView+load.m in Sources */ = {isa = PBXBuildFile; fileRef = 17F9A2B41DA9E90000512756 /* UIImageView+load.m */; };
		17F9A2DE1DA9E90000512756 /* UITableView+noDataDefaultView.m in Sources */ = {isa = PBXBuildFile; fileRef = 17F9A2BB1DA9E90000512756 /* UITableView+noDataDefaultView.m */; };
		17F9A2DF1DA9E90000512756 /* UIView+ZTHExtension.m in Sources */ = {isa = PBXBuildFile; fileRef = 17F9A2BE1DA9E90000512756 /* UIView+ZTHExtension.m */; };
		17F9A2E01DA9E90000512756 /* UIViewController+DismissKeyboard.m in Sources */ = {isa = PBXBuildFile; fileRef = 17F9A2C11DA9E90000512756 /* UIViewController+DismissKeyboard.m */; };
		17F9A2E41DA9EEA900512756 /* ZTHNoDataView.m in Sources */ = {isa = PBXBuildFile; fileRef = 17F9A2E31DA9EEA900512756 /* ZTHNoDataView.m */; };
		17F9A2E71DA9EF2400512756 /* Utils.m in Sources */ = {isa = PBXBuildFile; fileRef = 17F9A2E61DA9EF2400512756 /* Utils.m */; };
		17F9A2EA1DA9F32F00512756 /* Utils+FileManager.m in Sources */ = {isa = PBXBuildFile; fileRef = 17F9A2E91DA9F32F00512756 /* Utils+FileManager.m */; };
		17F9A2ED1DA9F40700512756 /* Utils+Camera.m in Sources */ = {isa = PBXBuildFile; fileRef = 17F9A2EC1DA9F40700512756 /* Utils+Camera.m */; };
		17F9A2F11DA9F5CA00512756 /* RLTwinkleLoadView.m in Sources */ = {isa = PBXBuildFile; fileRef = 17F9A2F01DA9F5CA00512756 /* RLTwinkleLoadView.m */; };
		17F9A2F51DA9F6E600512756 /* RLStarButton.m in Sources */ = {isa = PBXBuildFile; fileRef = 17F9A2F41DA9F6E600512756 /* RLStarButton.m */; };
		17F9A2F91DA9F79400512756 /* RLCopyLabel.m in Sources */ = {isa = PBXBuildFile; fileRef = 17F9A2F81DA9F79400512756 /* RLCopyLabel.m */; };
		17F9A2FD1DA9F86B00512756 /* ZTHCustomPromptView.m in Sources */ = {isa = PBXBuildFile; fileRef = 17F9A2FC1DA9F86B00512756 /* ZTHCustomPromptView.m */; };
		17F9A2FF1DAA0F0C00512756 /* EffectImage.png in Resources */ = {isa = PBXBuildFile; fileRef = 17F9A2FE1DAA0F0C00512756 /* EffectImage.png */; };
		17F9A3041DAA12AF00512756 /* NSDictionary+JSON.m in Sources */ = {isa = PBXBuildFile; fileRef = 17F9A3011DAA12AF00512756 /* NSDictionary+JSON.m */; };
		17F9A3051DAA12AF00512756 /* NSDictionary+Safe.m in Sources */ = {isa = PBXBuildFile; fileRef = 17F9A3031DAA12AF00512756 /* NSDictionary+Safe.m */; };
		17F9A30B1DAA13A700512756 /* NSObject+Common.m in Sources */ = {isa = PBXBuildFile; fileRef = 17F9A3081DAA13A700512756 /* NSObject+Common.m */; };
		17F9A30C1DAA13A700512756 /* NSObject+HUD.m in Sources */ = {isa = PBXBuildFile; fileRef = 17F9A30A1DAA13A700512756 /* NSObject+HUD.m */; };
		17F9A3101DAA15B500512756 /* RLDatabase.m in Sources */ = {isa = PBXBuildFile; fileRef = 17F9A30F1DAA15B500512756 /* RLDatabase.m */; };
		17F9A3161DAA1AFA00512756 /* RLBaseViewController.m in Sources */ = {isa = PBXBuildFile; fileRef = 17F9A3151DAA1AFA00512756 /* RLBaseViewController.m */; };
		17F9A3191DAA2C1400512756 /* RLGlobalDataManager.m in Sources */ = {isa = PBXBuildFile; fileRef = 17F9A3181DAA2C1400512756 /* RLGlobalDataManager.m */; };
		F117327DFE0AEEA51DBB1D08 /* libPods-RLProject.a in Frameworks */ = {isa = PBXBuildFile; fileRef = 432612644F6ACBE6E5509F40 /* libPods-RLProject.a */; };
/* End PBXBuildFile section */

/* Begin PBXContainerItemProxy section */
		17F9A2341DA9CE5E00512756 /* PBXContainerItemProxy */ = {
			isa = PBXContainerItemProxy;
			containerPortal = 17F9A20F1DA9CE5E00512756 /* Project object */;
			proxyType = 1;
			remoteGlobalIDString = 17F9A2161DA9CE5E00512756;
			remoteInfo = RLProject;
		};
		17F9A23F1DA9CE5E00512756 /* PBXContainerItemProxy */ = {
			isa = PBXContainerItemProxy;
			containerPortal = 17F9A20F1DA9CE5E00512756 /* Project object */;
			proxyType = 1;
			remoteGlobalIDString = 17F9A2161DA9CE5E00512756;
			remoteInfo = RLProject;
		};
/* End PBXContainerItemProxy section */

/* Begin PBXFileReference section */
		1706A5C71DAC791B001C1A32 /* DataBaseDefine.h */ = {isa = PBXFileReference; fileEncoding = 4; lastKnownFileType = sourcecode.c.h; path = DataBaseDefine.h; sourceTree = "<group>"; };
		1763057A1DAB6F4D00AD2699 /* RLRequest.h */ = {isa = PBXFileReference; fileEncoding = 4; lastKnownFileType = sourcecode.c.h; path = RLRequest.h; sourceTree = "<group>"; };
		1763057B1DAB6F4D00AD2699 /* RLRequest.m */ = {isa = PBXFileReference; fileEncoding = 4; lastKnownFileType = sourcecode.c.objc; path = RLRequest.m; sourceTree = "<group>"; };
		176305801DAB78F900AD2699 /* GetShoolDetailInfo.h */ = {isa = PBXFileReference; fileEncoding = 4; lastKnownFileType = sourcecode.c.h; path = GetShoolDetailInfo.h; sourceTree = "<group>"; };
		176305811DAB78F900AD2699 /* GetShoolDetailInfo.m */ = {isa = PBXFileReference; fileEncoding = 4; lastKnownFileType = sourcecode.c.objc; path = GetShoolDetailInfo.m; sourceTree = "<group>"; };
		176305A11DAB955D00AD2699 /* YTKBaseRequest+ZTRequest.h */ = {isa = PBXFileReference; fileEncoding = 4; lastKnownFileType = sourcecode.c.h; path = "YTKBaseRequest+ZTRequest.h"; sourceTree = "<group>"; };
		176305A21DAB955D00AD2699 /* YTKBaseRequest+ZTRequest.m */ = {isa = PBXFileReference; fileEncoding = 4; lastKnownFileType = sourcecode.c.objc; path = "YTKBaseRequest+ZTRequest.m"; sourceTree = "<group>"; };
		176305A41DAB95EA00AD2699 /* ZTHSchoolDetailInfoResult.h */ = {isa = PBXFileReference; fileEncoding = 4; lastKnownFileType = sourcecode.c.h; path = ZTHSchoolDetailInfoResult.h; sourceTree = "<group>"; };
		176305A51DAB95EA00AD2699 /* ZTHSchoolDetailInfoResult.m */ = {isa = PBXFileReference; fileEncoding = 4; lastKnownFileType = sourcecode.c.objc; path = ZTHSchoolDetailInfoResult.m; sourceTree = "<group>"; };
		176305A71DAB9B3900AD2699 /* CmDefinePublichHeader.h */ = {isa = PBXFileReference; lastKnownFileType = sourcecode.c.h; path = CmDefinePublichHeader.h; sourceTree = "<group>"; };
		17F9A2171DA9CE5E00512756 /* RLProject.app */ = {isa = PBXFileReference; explicitFileType = wrapper.application; includeInIndex = 0; path = RLProject.app; sourceTree = BUILT_PRODUCTS_DIR; };
		17F9A21B1DA9CE5E00512756 /* main.m */ = {isa = PBXFileReference; lastKnownFileType = sourcecode.c.objc; path = main.m; sourceTree = "<group>"; };
		17F9A21D1DA9CE5E00512756 /* AppDelegate.h */ = {isa = PBXFileReference; lastKnownFileType = sourcecode.c.h; path = AppDelegate.h; sourceTree = "<group>"; };
		17F9A21E1DA9CE5E00512756 /* AppDelegate.m */ = {isa = PBXFileReference; lastKnownFileType = sourcecode.c.objc; path = AppDelegate.m; sourceTree = "<group>"; };
		17F9A2201DA9CE5E00512756 /* ViewController.h */ = {isa = PBXFileReference; lastKnownFileType = sourcecode.c.h; path = ViewController.h; sourceTree = "<group>"; };
		17F9A2211DA9CE5E00512756 /* ViewController.m */ = {isa = PBXFileReference; lastKnownFileType = sourcecode.c.objc; path = ViewController.m; sourceTree = "<group>"; };
		17F9A2241DA9CE5E00512756 /* Base */ = {isa = PBXFileReference; lastKnownFileType = file.storyboard; name = Base; path = Base.lproj/Main.storyboard; sourceTree = "<group>"; };
		17F9A2271DA9CE5E00512756 /* RLProject.xcdatamodel */ = {isa = PBXFileReference; lastKnownFileType = wrapper.xcdatamodel; path = RLProject.xcdatamodel; sourceTree = "<group>"; };
		17F9A2291DA9CE5E00512756 /* Assets.xcassets */ = {isa = PBXFileReference; lastKnownFileType = folder.assetcatalog; path = Assets.xcassets; sourceTree = "<group>"; };
		17F9A22C1DA9CE5E00512756 /* Base */ = {isa = PBXFileReference; lastKnownFileType = file.storyboard; name = Base; path = Base.lproj/LaunchScreen.storyboard; sourceTree = "<group>"; };
		17F9A22E1DA9CE5E00512756 /* Info.plist */ = {isa = PBXFileReference; lastKnownFileType = text.plist.xml; path = Info.plist; sourceTree = "<group>"; };
		17F9A2331DA9CE5E00512756 /* RLProjectTests.xctest */ = {isa = PBXFileReference; explicitFileType = wrapper.cfbundle; includeInIndex = 0; path = RLProjectTests.xctest; sourceTree = BUILT_PRODUCTS_DIR; };
		17F9A2371DA9CE5E00512756 /* RLProjectTests.m */ = {isa = PBXFileReference; lastKnownFileType = sourcecode.c.objc; path = RLProjectTests.m; sourceTree = "<group>"; };
		17F9A2391DA9CE5E00512756 /* Info.plist */ = {isa = PBXFileReference; lastKnownFileType = text.plist.xml; path = Info.plist; sourceTree = "<group>"; };
		17F9A23E1DA9CE5E00512756 /* RLProjectUITests.xctest */ = {isa = PBXFileReference; explicitFileType = wrapper.cfbundle; includeInIndex = 0; path = RLProjectUITests.xctest; sourceTree = BUILT_PRODUCTS_DIR; };
		17F9A2421DA9CE5E00512756 /* RLProjectUITests.m */ = {isa = PBXFileReference; lastKnownFileType = sourcecode.c.objc; path = RLProjectUITests.m; sourceTree = "<group>"; };
		17F9A2441DA9CE5E00512756 /* Info.plist */ = {isa = PBXFileReference; lastKnownFileType = text.plist.xml; path = Info.plist; sourceTree = "<group>"; };
		17F9A2611DA9E50D00512756 /* MacroDefine.h */ = {isa = PBXFileReference; lastKnownFileType = sourcecode.c.h; path = MacroDefine.h; sourceTree = "<group>"; };
		17F9A2621DA9E53B00512756 /* ConstDefine.h */ = {isa = PBXFileReference; fileEncoding = 4; lastKnownFileType = sourcecode.c.h; path = ConstDefine.h; sourceTree = "<group>"; };
		17F9A2631DA9E53B00512756 /* ConstDefine.m */ = {isa = PBXFileReference; fileEncoding = 4; lastKnownFileType = sourcecode.c.objc; path = ConstDefine.m; sourceTree = "<group>"; };
		17F9A2651DA9E67800512756 /* ZTHDateFormatterFactory.h */ = {isa = PBXFileReference; fileEncoding = 4; lastKnownFileType = sourcecode.c.h; path = ZTHDateFormatterFactory.h; sourceTree = "<group>"; };
		17F9A2661DA9E67800512756 /* ZTHDateFormatterFactory.m */ = {isa = PBXFileReference; fileEncoding = 4; lastKnownFileType = sourcecode.c.objc; path = ZTHDateFormatterFactory.m; sourceTree = "<group>"; };
		17F9A2671DA9E67800512756 /* ZTHJsonUtils.h */ = {isa = PBXFileReference; fileEncoding = 4; lastKnownFileType = sourcecode.c.h; path = ZTHJsonUtils.h; sourceTree = "<group>"; };
		17F9A2681DA9E67800512756 /* ZTHJsonUtils.m */ = {isa = PBXFileReference; fileEncoding = 4; lastKnownFileType = sourcecode.c.objc; path = ZTHJsonUtils.m; sourceTree = "<group>"; };
		17F9A2691DA9E67800512756 /* ZTHSandbox.h */ = {isa = PBXFileReference; fileEncoding = 4; lastKnownFileType = sourcecode.c.h; path = ZTHSandbox.h; sourceTree = "<group>"; };
		17F9A26A1DA9E67800512756 /* ZTHSandbox.m */ = {isa = PBXFileReference; fileEncoding = 4; lastKnownFileType = sourcecode.c.objc; path = ZTHSandbox.m; sourceTree = "<group>"; };
		17F9A26B1DA9E67800512756 /* ZTHSystemInfo.h */ = {isa = PBXFileReference; fileEncoding = 4; lastKnownFileType = sourcecode.c.h; path = ZTHSystemInfo.h; sourceTree = "<group>"; };
		17F9A26C1DA9E67800512756 /* ZTHSystemInfo.m */ = {isa = PBXFileReference; fileEncoding = 4; lastKnownFileType = sourcecode.c.objc; path = ZTHSystemInfo.m; sourceTree = "<group>"; };
		17F9A26D1DA9E67800512756 /* ZTHUserDefaults.h */ = {isa = PBXFileReference; fileEncoding = 4; lastKnownFileType = sourcecode.c.h; path = ZTHUserDefaults.h; sourceTree = "<group>"; };
		17F9A26E1DA9E67800512756 /* ZTHUserDefaults.m */ = {isa = PBXFileReference; fileEncoding = 4; lastKnownFileType = sourcecode.c.objc; path = ZTHUserDefaults.m; sourceTree = "<group>"; };
		17F9A26F1DA9E67800512756 /* ZTHVersion.h */ = {isa = PBXFileReference; fileEncoding = 4; lastKnownFileType = sourcecode.c.h; path = ZTHVersion.h; sourceTree = "<group>"; };
		17F9A2701DA9E67800512756 /* ZTHVersion.m */ = {isa = PBXFileReference; fileEncoding = 4; lastKnownFileType = sourcecode.c.objc; path = ZTHVersion.m; sourceTree = "<group>"; };
		17F9A2771DA9E6C000512756 /* RLProject.pch */ = {isa = PBXFileReference; fileEncoding = 4; lastKnownFileType = sourcecode.c.h; path = RLProject.pch; sourceTree = "<group>"; };
		17F9A2791DA9E90000512756 /* NSDate+ZLExtension.h */ = {isa = PBXFileReference; fileEncoding = 4; lastKnownFileType = sourcecode.c.h; path = "NSDate+ZLExtension.h"; sourceTree = "<group>"; };
		17F9A27A1DA9E90000512756 /* NSDate+ZLExtension.m */ = {isa = PBXFileReference; fileEncoding = 4; lastKnownFileType = sourcecode.c.objc; path = "NSDate+ZLExtension.m"; sourceTree = "<group>"; };
		17F9A27B1DA9E90000512756 /* NSDateFormatter+ZTHFactory.h */ = {isa = PBXFileReference; fileEncoding = 4; lastKnownFileType = sourcecode.c.h; path = "NSDateFormatter+ZTHFactory.h"; sourceTree = "<group>"; };
		17F9A27C1DA9E90000512756 /* NSDateFormatter+ZTHFactory.m */ = {isa = PBXFileReference; fileEncoding = 4; lastKnownFileType = sourcecode.c.objc; path = "NSDateFormatter+ZTHFactory.m"; sourceTree = "<group>"; };
		17F9A27E1DA9E90000512756 /* NSDictionary+Accessors.h */ = {isa = PBXFileReference; fileEncoding = 4; lastKnownFileType = sourcecode.c.h; path = "NSDictionary+Accessors.h"; sourceTree = "<group>"; };
		17F9A27F1DA9E90000512756 /* NSDictionary+Accessors.m */ = {isa = PBXFileReference; fileEncoding = 4; lastKnownFileType = sourcecode.c.objc; path = "NSDictionary+Accessors.m"; sourceTree = "<group>"; };
		17F9A2811DA9E90000512756 /* NSMutableAttributedString+utils.h */ = {isa = PBXFileReference; fileEncoding = 4; lastKnownFileType = sourcecode.c.h; path = "NSMutableAttributedString+utils.h"; sourceTree = "<group>"; };
		17F9A2821DA9E90000512756 /* NSMutableAttributedString+utils.m */ = {isa = PBXFileReference; fileEncoding = 4; lastKnownFileType = sourcecode.c.objc; path = "NSMutableAttributedString+utils.m"; sourceTree = "<group>"; };
		17F9A2891DA9E90000512756 /* NSString+Category.h */ = {isa = PBXFileReference; fileEncoding = 4; lastKnownFileType = sourcecode.c.h; path = "NSString+Category.h"; sourceTree = "<group>"; };
		17F9A28A1DA9E90000512756 /* NSString+Category.m */ = {isa = PBXFileReference; fileEncoding = 4; lastKnownFileType = sourcecode.c.objc; path = "NSString+Category.m"; sourceTree = "<group>"; };
		17F9A28B1DA9E90000512756 /* NSString+MD5.h */ = {isa = PBXFileReference; fileEncoding = 4; lastKnownFileType = sourcecode.c.h; path = "NSString+MD5.h"; sourceTree = "<group>"; };
		17F9A28C1DA9E90000512756 /* NSString+MD5.m */ = {isa = PBXFileReference; fileEncoding = 4; lastKnownFileType = sourcecode.c.objc; path = "NSString+MD5.m"; sourceTree = "<group>"; };
		17F9A28F1DA9E90000512756 /* NSString+RemoveEmoji.h */ = {isa = PBXFileReference; fileEncoding = 4; lastKnownFileType = sourcecode.c.h; path = "NSString+RemoveEmoji.h"; sourceTree = "<group>"; };
		17F9A2901DA9E90000512756 /* NSString+RemoveEmoji.m */ = {isa = PBXFileReference; fileEncoding = 4; lastKnownFileType = sourcecode.c.objc; path = "NSString+RemoveEmoji.m"; sourceTree = "<group>"; };
		17F9A2911DA9E90000512756 /* NSString+Safe.h */ = {isa = PBXFileReference; fileEncoding = 4; lastKnownFileType = sourcecode.c.h; path = "NSString+Safe.h"; sourceTree = "<group>"; };
		17F9A2921DA9E90000512756 /* NSString+Safe.m */ = {isa = PBXFileReference; fileEncoding = 4; lastKnownFileType = sourcecode.c.objc; path = "NSString+Safe.m"; sourceTree = "<group>"; };
		17F9A2931DA9E90000512756 /* NSString+ZLString2Date.h */ = {isa = PBXFileReference; fileEncoding = 4; lastKnownFileType = sourcecode.c.h; path = "NSString+ZLString2Date.h"; sourceTree = "<group>"; };
		17F9A2941DA9E90000512756 /* NSString+ZLString2Date.m */ = {isa = PBXFileReference; fileEncoding = 4; lastKnownFileType = sourcecode.c.objc; path = "NSString+ZLString2Date.m"; sourceTree = "<group>"; };
		17F9A2951DA9E90000512756 /* NSString+ZTHUtils.h */ = {isa = PBXFileReference; fileEncoding = 4; lastKnownFileType = sourcecode.c.h; path = "NSString+ZTHUtils.h"; sourceTree = "<group>"; };
		17F9A2961DA9E90000512756 /* NSString+ZTHUtils.m */ = {isa = PBXFileReference; fileEncoding = 4; lastKnownFileType = sourcecode.c.objc; path = "NSString+ZTHUtils.m"; sourceTree = "<group>"; };
		17F9A29C1DA9E90000512756 /* UIButton+ZTHBtnLayout.h */ = {isa = PBXFileReference; fileEncoding = 4; lastKnownFileType = sourcecode.c.h; path = "UIButton+ZTHBtnLayout.h"; sourceTree = "<group>"; };
		17F9A29D1DA9E90000512756 /* UIButton+ZTHBtnLayout.m */ = {isa = PBXFileReference; fileEncoding = 4; lastKnownFileType = sourcecode.c.objc; path = "UIButton+ZTHBtnLayout.m"; sourceTree = "<group>"; };
		17F9A29F1DA9E90000512756 /* UIColor+ImageGetColor.h */ = {isa = PBXFileReference; fileEncoding = 4; lastKnownFileType = sourcecode.c.h; path = "UIColor+ImageGetColor.h"; sourceTree = "<group>"; };
		17F9A2A01DA9E90000512756 /* UIColor+ImageGetColor.m */ = {isa = PBXFileReference; fileEncoding = 4; lastKnownFileType = sourcecode.c.objc; path = "UIColor+ImageGetColor.m"; sourceTree = "<group>"; };
		17F9A2A11DA9E90000512756 /* UIColor+ZTHImage.h */ = {isa = PBXFileReference; fileEncoding = 4; lastKnownFileType = sourcecode.c.h; path = "UIColor+ZTHImage.h"; sourceTree = "<group>"; };
		17F9A2A21DA9E90000512756 /* UIColor+ZTHImage.m */ = {isa = PBXFileReference; fileEncoding = 4; lastKnownFileType = sourcecode.c.objc; path = "UIColor+ZTHImage.m"; sourceTree = "<group>"; };
		17F9A2A41DA9E90000512756 /* UIImage+ImageEffects.h */ = {isa = PBXFileReference; fileEncoding = 4; lastKnownFileType = sourcecode.c.h; path = "UIImage+ImageEffects.h"; sourceTree = "<group>"; };
		17F9A2A51DA9E90000512756 /* UIImage+ImageEffects.m */ = {isa = PBXFileReference; fileEncoding = 4; lastKnownFileType = sourcecode.c.objc; path = "UIImage+ImageEffects.m"; sourceTree = "<group>"; };
		17F9A2A61DA9E90000512756 /* UIImage+ScaleImage.h */ = {isa = PBXFileReference; fileEncoding = 4; lastKnownFileType = sourcecode.c.h; path = "UIImage+ScaleImage.h"; sourceTree = "<group>"; };
		17F9A2A71DA9E90000512756 /* UIImage+ScaleImage.m */ = {isa = PBXFileReference; fileEncoding = 4; lastKnownFileType = sourcecode.c.objc; path = "UIImage+ScaleImage.m"; sourceTree = "<group>"; };
		17F9A2A81DA9E90000512756 /* UIImage+ZTHAlpha.h */ = {isa = PBXFileReference; fileEncoding = 4; lastKnownFileType = sourcecode.c.h; path = "UIImage+ZTHAlpha.h"; sourceTree = "<group>"; };
		17F9A2A91DA9E90000512756 /* UIImage+ZTHAlpha.m */ = {isa = PBXFileReference; fileEncoding = 4; lastKnownFileType = sourcecode.c.objc; path = "UIImage+ZTHAlpha.m"; sourceTree = "<group>"; };
		17F9A2AA1DA9E90000512756 /* UIImage+ZTHColor.h */ = {isa = PBXFileReference; fileEncoding = 4; lastKnownFileType = sourcecode.c.h; path = "UIImage+ZTHColor.h"; sourceTree = "<group>"; };
		17F9A2AB1DA9E90000512756 /* UIImage+ZTHColor.m */ = {isa = PBXFileReference; fileEncoding = 4; lastKnownFileType = sourcecode.c.objc; path = "UIImage+ZTHColor.m"; sourceTree = "<group>"; };
		17F9A2AC1DA9E90000512756 /* UIImage+ZTHResize.h */ = {isa = PBXFileReference; fileEncoding = 4; lastKnownFileType = sourcecode.c.h; path = "UIImage+ZTHResize.h"; sourceTree = "<group>"; };
		17F9A2AD1DA9E90000512756 /* UIImage+ZTHResize.m */ = {isa = PBXFileReference; fileEncoding = 4; lastKnownFileType = sourcecode.c.objc; path = "UIImage+ZTHResize.m"; sourceTree = "<group>"; };
		17F9A2AE1DA9E90000512756 /* UIImage+ZTHRoundCorner.h */ = {isa = PBXFileReference; fileEncoding = 4; lastKnownFileType = sourcecode.c.h; path = "UIImage+ZTHRoundCorner.h"; sourceTree = "<group>"; };
		17F9A2AF1DA9E90000512756 /* UIImage+ZTHRoundCorner.m */ = {isa = PBXFileReference; fileEncoding = 4; lastKnownFileType = sourcecode.c.objc; path = "UIImage+ZTHRoundCorner.m"; sourceTree = "<group>"; };
		17F9A2B31DA9E90000512756 /* UIImageView+load.h */ = {isa = PBXFileReference; fileEncoding = 4; lastKnownFileType = sourcecode.c.h; path = "UIImageView+load.h"; sourceTree = "<group>"; };
		17F9A2B41DA9E90000512756 /* UIImageView+load.m */ = {isa = PBXFileReference; fileEncoding = 4; lastKnownFileType = sourcecode.c.objc; path = "UIImageView+load.m"; sourceTree = "<group>"; };
		17F9A2BA1DA9E90000512756 /* UITableView+noDataDefaultView.h */ = {isa = PBXFileReference; fileEncoding = 4; lastKnownFileType = sourcecode.c.h; path = "UITableView+noDataDefaultView.h"; sourceTree = "<group>"; };
		17F9A2BB1DA9E90000512756 /* UITableView+noDataDefaultView.m */ = {isa = PBXFileReference; fileEncoding = 4; lastKnownFileType = sourcecode.c.objc; path = "UITableView+noDataDefaultView.m"; sourceTree = "<group>"; };
		17F9A2BD1DA9E90000512756 /* UIView+ZTHExtension.h */ = {isa = PBXFileReference; fileEncoding = 4; lastKnownFileType = sourcecode.c.h; path = "UIView+ZTHExtension.h"; sourceTree = "<group>"; };
		17F9A2BE1DA9E90000512756 /* UIView+ZTHExtension.m */ = {isa = PBXFileReference; fileEncoding = 4; lastKnownFileType = sourcecode.c.objc; path = "UIView+ZTHExtension.m"; sourceTree = "<group>"; };
		17F9A2C01DA9E90000512756 /* UIViewController+DismissKeyboard.h */ = {isa = PBXFileReference; fileEncoding = 4; lastKnownFileType = sourcecode.c.h; path = "UIViewController+DismissKeyboard.h"; sourceTree = "<group>"; };
		17F9A2C11DA9E90000512756 /* UIViewController+DismissKeyboard.m */ = {isa = PBXFileReference; fileEncoding = 4; lastKnownFileType = sourcecode.c.objc; path = "UIViewController+DismissKeyboard.m"; sourceTree = "<group>"; };
		17F9A2E21DA9EEA900512756 /* ZTHNoDataView.h */ = {isa = PBXFileReference; fileEncoding = 4; lastKnownFileType = sourcecode.c.h; path = ZTHNoDataView.h; sourceTree = "<group>"; };
		17F9A2E31DA9EEA900512756 /* ZTHNoDataView.m */ = {isa = PBXFileReference; fileEncoding = 4; lastKnownFileType = sourcecode.c.objc; path = ZTHNoDataView.m; sourceTree = "<group>"; };
		17F9A2E51DA9EF2400512756 /* Utils.h */ = {isa = PBXFileReference; fileEncoding = 4; lastKnownFileType = sourcecode.c.h; path = Utils.h; sourceTree = "<group>"; };
		17F9A2E61DA9EF2400512756 /* Utils.m */ = {isa = PBXFileReference; fileEncoding = 4; lastKnownFileType = sourcecode.c.objc; path = Utils.m; sourceTree = "<group>"; };
		17F9A2E81DA9F32F00512756 /* Utils+FileManager.h */ = {isa = PBXFileReference; fileEncoding = 4; lastKnownFileType = sourcecode.c.h; path = "Utils+FileManager.h"; sourceTree = "<group>"; };
		17F9A2E91DA9F32F00512756 /* Utils+FileManager.m */ = {isa = PBXFileReference; fileEncoding = 4; lastKnownFileType = sourcecode.c.objc; path = "Utils+FileManager.m"; sourceTree = "<group>"; };
		17F9A2EB1DA9F40700512756 /* Utils+Camera.h */ = {isa = PBXFileReference; fileEncoding = 4; lastKnownFileType = sourcecode.c.h; path = "Utils+Camera.h"; sourceTree = "<group>"; };
		17F9A2EC1DA9F40700512756 /* Utils+Camera.m */ = {isa = PBXFileReference; fileEncoding = 4; lastKnownFileType = sourcecode.c.objc; path = "Utils+Camera.m"; sourceTree = "<group>"; };
		17F9A2EF1DA9F5CA00512756 /* RLTwinkleLoadView.h */ = {isa = PBXFileReference; fileEncoding = 4; lastKnownFileType = sourcecode.c.h; path = RLTwinkleLoadView.h; sourceTree = "<group>"; };
		17F9A2F01DA9F5CA00512756 /* RLTwinkleLoadView.m */ = {isa = PBXFileReference; fileEncoding = 4; lastKnownFileType = sourcecode.c.objc; path = RLTwinkleLoadView.m; sourceTree = "<group>"; };
		17F9A2F31DA9F6E600512756 /* RLStarButton.h */ = {isa = PBXFileReference; fileEncoding = 4; lastKnownFileType = sourcecode.c.h; path = RLStarButton.h; sourceTree = "<group>"; };
		17F9A2F41DA9F6E600512756 /* RLStarButton.m */ = {isa = PBXFileReference; fileEncoding = 4; lastKnownFileType = sourcecode.c.objc; path = RLStarButton.m; sourceTree = "<group>"; };
		17F9A2F71DA9F79400512756 /* RLCopyLabel.h */ = {isa = PBXFileReference; fileEncoding = 4; lastKnownFileType = sourcecode.c.h; path = RLCopyLabel.h; sourceTree = "<group>"; };
		17F9A2F81DA9F79400512756 /* RLCopyLabel.m */ = {isa = PBXFileReference; fileEncoding = 4; lastKnownFileType = sourcecode.c.objc; path = RLCopyLabel.m; sourceTree = "<group>"; };
		17F9A2FB1DA9F86B00512756 /* ZTHCustomPromptView.h */ = {isa = PBXFileReference; fileEncoding = 4; lastKnownFileType = sourcecode.c.h; path = ZTHCustomPromptView.h; sourceTree = "<group>"; };
		17F9A2FC1DA9F86B00512756 /* ZTHCustomPromptView.m */ = {isa = PBXFileReference; fileEncoding = 4; lastKnownFileType = sourcecode.c.objc; path = ZTHCustomPromptView.m; sourceTree = "<group>"; };
		17F9A2FE1DAA0F0C00512756 /* EffectImage.png */ = {isa = PBXFileReference; lastKnownFileType = image.png; path = EffectImage.png; sourceTree = "<group>"; };
		17F9A3001DAA12AF00512756 /* NSDictionary+JSON.h */ = {isa = PBXFileReference; fileEncoding = 4; lastKnownFileType = sourcecode.c.h; path = "NSDictionary+JSON.h"; sourceTree = "<group>"; };
		17F9A3011DAA12AF00512756 /* NSDictionary+JSON.m */ = {isa = PBXFileReference; fileEncoding = 4; lastKnownFileType = sourcecode.c.objc; path = "NSDictionary+JSON.m"; sourceTree = "<group>"; };
		17F9A3021DAA12AF00512756 /* NSDictionary+Safe.h */ = {isa = PBXFileReference; fileEncoding = 4; lastKnownFileType = sourcecode.c.h; path = "NSDictionary+Safe.h"; sourceTree = "<group>"; };
		17F9A3031DAA12AF00512756 /* NSDictionary+Safe.m */ = {isa = PBXFileReference; fileEncoding = 4; lastKnownFileType = sourcecode.c.objc; path = "NSDictionary+Safe.m"; sourceTree = "<group>"; };
		17F9A3071DAA13A700512756 /* NSObject+Common.h */ = {isa = PBXFileReference; fileEncoding = 4; lastKnownFileType = sourcecode.c.h; path = "NSObject+Common.h"; sourceTree = "<group>"; };
		17F9A3081DAA13A700512756 /* NSObject+Common.m */ = {isa = PBXFileReference; fileEncoding = 4; lastKnownFileType = sourcecode.c.objc; path = "NSObject+Common.m"; sourceTree = "<group>"; };
		17F9A3091DAA13A700512756 /* NSObject+HUD.h */ = {isa = PBXFileReference; fileEncoding = 4; lastKnownFileType = sourcecode.c.h; path = "NSObject+HUD.h"; sourceTree = "<group>"; };
		17F9A30A1DAA13A700512756 /* NSObject+HUD.m */ = {isa = PBXFileReference; fileEncoding = 4; lastKnownFileType = sourcecode.c.objc; path = "NSObject+HUD.m"; sourceTree = "<group>"; };
		17F9A30E1DAA15B500512756 /* RLDatabase.h */ = {isa = PBXFileReference; fileEncoding = 4; lastKnownFileType = sourcecode.c.h; path = RLDatabase.h; sourceTree = "<group>"; };
		17F9A30F1DAA15B500512756 /* RLDatabase.m */ = {isa = PBXFileReference; fileEncoding = 4; lastKnownFileType = sourcecode.c.objc; path = RLDatabase.m; sourceTree = "<group>"; };
		17F9A3121DAA16A600512756 /* RLConfig.h */ = {isa = PBXFileReference; lastKnownFileType = sourcecode.c.h; path = RLConfig.h; sourceTree = "<group>"; };
		17F9A3141DAA1AFA00512756 /* RLBaseViewController.h */ = {isa = PBXFileReference; fileEncoding = 4; lastKnownFileType = sourcecode.c.h; path = RLBaseViewController.h; sourceTree = "<group>"; };
		17F9A3151DAA1AFA00512756 /* RLBaseViewController.m */ = {isa = PBXFileReference; fileEncoding = 4; lastKnownFileType = sourcecode.c.objc; path = RLBaseViewController.m; sourceTree = "<group>"; };
		17F9A3171DAA2C1400512756 /* RLGlobalDataManager.h */ = {isa = PBXFileReference; fileEncoding = 4; lastKnownFileType = sourcecode.c.h; path = RLGlobalDataManager.h; sourceTree = "<group>"; };
		17F9A3181DAA2C1400512756 /* RLGlobalDataManager.m */ = {isa = PBXFileReference; fileEncoding = 4; lastKnownFileType = sourcecode.c.objc; path = RLGlobalDataManager.m; sourceTree = "<group>"; };
		432612644F6ACBE6E5509F40 /* libPods-RLProject.a */ = {isa = PBXFileReference; explicitFileType = archive.ar; includeInIndex = 0; path = "libPods-RLProject.a"; sourceTree = BUILT_PRODUCTS_DIR; };
		4A3F1B8732BA17574C68D15D /* Pods-RLProject.release.xcconfig */ = {isa = PBXFileReference; includeInIndex = 1; lastKnownFileType = text.xcconfig; name = "Pods-RLProject.release.xcconfig"; path = "Pods/Target Support Files/Pods-RLProject/Pods-RLProject.release.xcconfig"; sourceTree = "<group>"; };
		C405C332266B12003B4F6133 /* Pods-RLProject.debug.xcconfig */ = {isa = PBXFileReference; includeInIndex = 1; lastKnownFileType = text.xcconfig; name = "Pods-RLProject.debug.xcconfig"; path = "Pods/Target Support Files/Pods-RLProject/Pods-RLProject.debug.xcconfig"; sourceTree = "<group>"; };
/* End PBXFileReference section */

/* Begin PBXFrameworksBuildPhase section */
		17F9A2141DA9CE5E00512756 /* Frameworks */ = {
			isa = PBXFrameworksBuildPhase;
			buildActionMask = 2147483647;
			files = (
				F117327DFE0AEEA51DBB1D08 /* libPods-RLProject.a in Frameworks */,
			);
			runOnlyForDeploymentPostprocessing = 0;
		};
		17F9A2301DA9CE5E00512756 /* Frameworks */ = {
			isa = PBXFrameworksBuildPhase;
			buildActionMask = 2147483647;
			files = (
			);
			runOnlyForDeploymentPostprocessing = 0;
		};
		17F9A23B1DA9CE5E00512756 /* Frameworks */ = {
			isa = PBXFrameworksBuildPhase;
			buildActionMask = 2147483647;
			files = (
			);
			runOnlyForDeploymentPostprocessing = 0;
		};
/* End PBXFrameworksBuildPhase section */

/* Begin PBXGroup section */
		17F9A20E1DA9CE5E00512756 = {
			isa = PBXGroup;
			children = (
				17F9A2191DA9CE5E00512756 /* RLProject */,
				17F9A2361DA9CE5E00512756 /* RLProjectTests */,
				17F9A2411DA9CE5E00512756 /* RLProjectUITests */,
				17F9A2181DA9CE5E00512756 /* Products */,
				64373018B75D5429453F7EB7 /* Pods */,
				73F0C41026C437C5684A9F17 /* Frameworks */,
			);
			sourceTree = "<group>";
		};
		17F9A2181DA9CE5E00512756 /* Products */ = {
			isa = PBXGroup;
			children = (
				17F9A2171DA9CE5E00512756 /* RLProject.app */,
				17F9A2331DA9CE5E00512756 /* RLProjectTests.xctest */,
				17F9A23E1DA9CE5E00512756 /* RLProjectUITests.xctest */,
			);
			name = Products;
			sourceTree = "<group>";
		};
		17F9A2191DA9CE5E00512756 /* RLProject */ = {
			isa = PBXGroup;
			children = (
				17F9A2521DA9E4E600512756 /* CmDefine */,
				17F9A2551DA9E4E600512756 /* common */,
				17F9A25A1DA9E4E600512756 /* Entity(数据结构) */,
				17F9A25B1DA9E4E600512756 /* GlobalDataCenter */,
				17F9A25C1DA9E4E600512756 /* Library */,
				17F9A25D1DA9E4E600512756 /* Network */,
				17F9A2601DA9E4E600512756 /* UI */,
				17F9A21D1DA9CE5E00512756 /* AppDelegate.h */,
				17F9A21E1DA9CE5E00512756 /* AppDelegate.m */,
				17F9A2201DA9CE5E00512756 /* ViewController.h */,
				17F9A2211DA9CE5E00512756 /* ViewController.m */,
				17F9A2771DA9E6C000512756 /* RLProject.pch */,
				17F9A2231DA9CE5E00512756 /* Main.storyboard */,
				17F9A2291DA9CE5E00512756 /* Assets.xcassets */,
				17F9A22B1DA9CE5E00512756 /* LaunchScreen.storyboard */,
				17F9A22E1DA9CE5E00512756 /* Info.plist */,
				17F9A2261DA9CE5E00512756 /* RLProject.xcdatamodeld */,
				17F9A21A1DA9CE5E00512756 /* Supporting Files */,
			);
			path = RLProject;
			sourceTree = "<group>";
		};
		17F9A21A1DA9CE5E00512756 /* Supporting Files */ = {
			isa = PBXGroup;
			children = (
				17F9A21B1DA9CE5E00512756 /* main.m */,
			);
			name = "Supporting Files";
			sourceTree = "<group>";
		};
		17F9A2361DA9CE5E00512756 /* RLProjectTests */ = {
			isa = PBXGroup;
			children = (
				17F9A2371DA9CE5E00512756 /* RLProjectTests.m */,
				17F9A2391DA9CE5E00512756 /* Info.plist */,
			);
			path = RLProjectTests;
			sourceTree = "<group>";
		};
		17F9A2411DA9CE5E00512756 /* RLProjectUITests */ = {
			isa = PBXGroup;
			children = (
				17F9A2421DA9CE5E00512756 /* RLProjectUITests.m */,
				17F9A2441DA9CE5E00512756 /* Info.plist */,
			);
			path = RLProjectUITests;
			sourceTree = "<group>";
		};
		17F9A2521DA9E4E600512756 /* CmDefine */ = {
			isa = PBXGroup;
			children = (
				17F9A3111DAA169600512756 /* Config */,
				17F9A2531DA9E4E600512756 /* 宏定义 */,
				17F9A2541DA9E4E600512756 /* 常量定义 */,
				176305A71DAB9B3900AD2699 /* CmDefinePublichHeader.h */,
			);
			path = CmDefine;
			sourceTree = "<group>";
		};
		17F9A2531DA9E4E600512756 /* 宏定义 */ = {
			isa = PBXGroup;
			children = (
				17F9A2611DA9E50D00512756 /* MacroDefine.h */,
				1706A5C71DAC791B001C1A32 /* DataBaseDefine.h */,
			);
			path = "宏定义";
			sourceTree = "<group>";
		};
		17F9A2541DA9E4E600512756 /* 常量定义 */ = {
			isa = PBXGroup;
			children = (
				17F9A2621DA9E53B00512756 /* ConstDefine.h */,
				17F9A2631DA9E53B00512756 /* ConstDefine.m */,
			);
			path = "常量定义";
			sourceTree = "<group>";
		};
		17F9A2551DA9E4E600512756 /* common */ = {
			isa = PBXGroup;
			children = (
				17F9A2561DA9E4E600512756 /* Category */,
				17F9A2571DA9E4E600512756 /* Utils */,
				17F9A2581DA9E4E600512756 /* 通用UI */,
				17F9A2591DA9E4E600512756 /* 通用类 */,
			);
			path = common;
			sourceTree = "<group>";
		};
		17F9A2561DA9E4E600512756 /* Category */ = {
			isa = PBXGroup;
			children = (
				17F9A3061DAA13A700512756 /* NSObjectCategories */,
				17F9A2781DA9E90000512756 /* NSDateCategories */,
				17F9A27D1DA9E90000512756 /* NSDictionaryCategories */,
				17F9A2801DA9E90000512756 /* NSMutableAttributeString */,
				17F9A2881DA9E90000512756 /* NSStringCategories */,
				17F9A2971DA9E90000512756 /* UIButtonCategories */,
				17F9A29E1DA9E90000512756 /* UIColorCategories */,
				17F9A2A31DA9E90000512756 /* UIImageCategories */,
				17F9A2B21DA9E90000512756 /* UIImageView */,
				17F9A2B91DA9E90000512756 /* UITableView */,
				17F9A2BC1DA9E90000512756 /* UIViewCategories */,
				17F9A2BF1DA9E90000512756 /* UIViewController */,
			);
			path = Category;
			sourceTree = "<group>";
		};
		17F9A2571DA9E4E600512756 /* Utils */ = {
			isa = PBXGroup;
			children = (
				17F9A2E51DA9EF2400512756 /* Utils.h */,
				17F9A2E61DA9EF2400512756 /* Utils.m */,
				17F9A2E81DA9F32F00512756 /* Utils+FileManager.h */,
				17F9A2E91DA9F32F00512756 /* Utils+FileManager.m */,
				17F9A2EB1DA9F40700512756 /* Utils+Camera.h */,
				17F9A2EC1DA9F40700512756 /* Utils+Camera.m */,
			);
			path = Utils;
			sourceTree = "<group>";
		};
		17F9A2581DA9E4E600512756 /* 通用UI */ = {
			isa = PBXGroup;
			children = (
				17F9A2FA1DA9F86B00512756 /* customAlert */,
				17F9A2F61DA9F77C00512756 /* RLCopyLabel */,
				17F9A2F21DA9F6C900512756 /* RLStarButton */,
				17F9A2EE1DA9F5AC00512756 /* RLTwinkleLoadView */,
				17F9A2E11DA9EEA900512756 /* ZTHNoDataView */,
			);
			path = "通用UI";
			sourceTree = "<group>";
		};
		17F9A2591DA9E4E600512756 /* 通用类 */ = {
			isa = PBXGroup;
			children = (
				17F9A30D1DAA158A00512756 /* Database */,
				17F9A2651DA9E67800512756 /* ZTHDateFormatterFactory.h */,
				17F9A2661DA9E67800512756 /* ZTHDateFormatterFactory.m */,
				17F9A2671DA9E67800512756 /* ZTHJsonUtils.h */,
				17F9A2681DA9E67800512756 /* ZTHJsonUtils.m */,
				17F9A2691DA9E67800512756 /* ZTHSandbox.h */,
				17F9A26A1DA9E67800512756 /* ZTHSandbox.m */,
				17F9A26B1DA9E67800512756 /* ZTHSystemInfo.h */,
				17F9A26C1DA9E67800512756 /* ZTHSystemInfo.m */,
				17F9A26D1DA9E67800512756 /* ZTHUserDefaults.h */,
				17F9A26E1DA9E67800512756 /* ZTHUserDefaults.m */,
				17F9A26F1DA9E67800512756 /* ZTHVersion.h */,
				17F9A2701DA9E67800512756 /* ZTHVersion.m */,
			);
			path = "通用类";
			sourceTree = "<group>";
		};
		17F9A25A1DA9E4E600512756 /* Entity(数据结构) */ = {
			isa = PBXGroup;
			children = (
				176305A41DAB95EA00AD2699 /* ZTHSchoolDetailInfoResult.h */,
				176305A51DAB95EA00AD2699 /* ZTHSchoolDetailInfoResult.m */,
			);
			path = "Entity(数据结构)";
			sourceTree = "<group>";
		};
		17F9A25B1DA9E4E600512756 /* GlobalDataCenter */ = {
			isa = PBXGroup;
			children = (
				17F9A3171DAA2C1400512756 /* RLGlobalDataManager.h */,
				17F9A3181DAA2C1400512756 /* RLGlobalDataManager.m */,
			);
			path = GlobalDataCenter;
			sourceTree = "<group>";
		};
		17F9A25C1DA9E4E600512756 /* Library */ = {
			isa = PBXGroup;
			children = (
			);
			path = Library;
			sourceTree = "<group>";
		};
		17F9A25D1DA9E4E600512756 /* Network */ = {
			isa = PBXGroup;
			children = (
				17F9A25E1DA9E4E600512756 /* 网络层 */,
				17F9A25F1DA9E4E600512756 /* 请求类 */,
			);
			path = Network;
			sourceTree = "<group>";
		};
		17F9A25E1DA9E4E600512756 /* 网络层 */ = {
			isa = PBXGroup;
			children = (
				176305A11DAB955D00AD2699 /* YTKBaseRequest+ZTRequest.h */,
				176305A21DAB955D00AD2699 /* YTKBaseRequest+ZTRequest.m */,
				1763057A1DAB6F4D00AD2699 /* RLRequest.h */,
				1763057B1DAB6F4D00AD2699 /* RLRequest.m */,
			);
			path = "网络层";
			sourceTree = "<group>";
		};
		17F9A25F1DA9E4E600512756 /* 请求类 */ = {
			isa = PBXGroup;
			children = (
				176305801DAB78F900AD2699 /* GetShoolDetailInfo.h */,
				176305811DAB78F900AD2699 /* GetShoolDetailInfo.m */,
			);
			path = "请求类";
			sourceTree = "<group>";
		};
		17F9A2601DA9E4E600512756 /* UI */ = {
			isa = PBXGroup;
			children = (
				17F9A3131DAA197B00512756 /* BaseViewController */,
			);
			path = UI;
			sourceTree = "<group>";
		};
		17F9A2781DA9E90000512756 /* NSDateCategories */ = {
			isa = PBXGroup;
			children = (
				17F9A2791DA9E90000512756 /* NSDate+ZLExtension.h */,
				17F9A27A1DA9E90000512756 /* NSDate+ZLExtension.m */,
				17F9A27B1DA9E90000512756 /* NSDateFormatter+ZTHFactory.h */,
				17F9A27C1DA9E90000512756 /* NSDateFormatter+ZTHFactory.m */,
			);
			path = NSDateCategories;
			sourceTree = "<group>";
		};
		17F9A27D1DA9E90000512756 /* NSDictionaryCategories */ = {
			isa = PBXGroup;
			children = (
				17F9A3001DAA12AF00512756 /* NSDictionary+JSON.h */,
				17F9A3011DAA12AF00512756 /* NSDictionary+JSON.m */,
				17F9A3021DAA12AF00512756 /* NSDictionary+Safe.h */,
				17F9A3031DAA12AF00512756 /* NSDictionary+Safe.m */,
				17F9A27E1DA9E90000512756 /* NSDictionary+Accessors.h */,
				17F9A27F1DA9E90000512756 /* NSDictionary+Accessors.m */,
			);
			path = NSDictionaryCategories;
			sourceTree = "<group>";
		};
		17F9A2801DA9E90000512756 /* NSMutableAttributeString */ = {
			isa = PBXGroup;
			children = (
				17F9A2811DA9E90000512756 /* NSMutableAttributedString+utils.h */,
				17F9A2821DA9E90000512756 /* NSMutableAttributedString+utils.m */,
			);
			path = NSMutableAttributeString;
			sourceTree = "<group>";
		};
		17F9A2881DA9E90000512756 /* NSStringCategories */ = {
			isa = PBXGroup;
			children = (
				17F9A2891DA9E90000512756 /* NSString+Category.h */,
				17F9A28A1DA9E90000512756 /* NSString+Category.m */,
				17F9A28B1DA9E90000512756 /* NSString+MD5.h */,
				17F9A28C1DA9E90000512756 /* NSString+MD5.m */,
				17F9A28F1DA9E90000512756 /* NSString+RemoveEmoji.h */,
				17F9A2901DA9E90000512756 /* NSString+RemoveEmoji.m */,
				17F9A2911DA9E90000512756 /* NSString+Safe.h */,
				17F9A2921DA9E90000512756 /* NSString+Safe.m */,
				17F9A2931DA9E90000512756 /* NSString+ZLString2Date.h */,
				17F9A2941DA9E90000512756 /* NSString+ZLString2Date.m */,
				17F9A2951DA9E90000512756 /* NSString+ZTHUtils.h */,
				17F9A2961DA9E90000512756 /* NSString+ZTHUtils.m */,
			);
			path = NSStringCategories;
			sourceTree = "<group>";
		};
		17F9A2971DA9E90000512756 /* UIButtonCategories */ = {
			isa = PBXGroup;
			children = (
				17F9A29C1DA9E90000512756 /* UIButton+ZTHBtnLayout.h */,
				17F9A29D1DA9E90000512756 /* UIButton+ZTHBtnLayout.m */,
			);
			path = UIButtonCategories;
			sourceTree = "<group>";
		};
		17F9A29E1DA9E90000512756 /* UIColorCategories */ = {
			isa = PBXGroup;
			children = (
				17F9A29F1DA9E90000512756 /* UIColor+ImageGetColor.h */,
				17F9A2A01DA9E90000512756 /* UIColor+ImageGetColor.m */,
				17F9A2A11DA9E90000512756 /* UIColor+ZTHImage.h */,
				17F9A2A21DA9E90000512756 /* UIColor+ZTHImage.m */,
			);
			path = UIColorCategories;
			sourceTree = "<group>";
		};
		17F9A2A31DA9E90000512756 /* UIImageCategories */ = {
			isa = PBXGroup;
			children = (
				17F9A2A41DA9E90000512756 /* UIImage+ImageEffects.h */,
				17F9A2A51DA9E90000512756 /* UIImage+ImageEffects.m */,
				17F9A2A61DA9E90000512756 /* UIImage+ScaleImage.h */,
				17F9A2A71DA9E90000512756 /* UIImage+ScaleImage.m */,
				17F9A2A81DA9E90000512756 /* UIImage+ZTHAlpha.h */,
				17F9A2A91DA9E90000512756 /* UIImage+ZTHAlpha.m */,
				17F9A2AA1DA9E90000512756 /* UIImage+ZTHColor.h */,
				17F9A2AB1DA9E90000512756 /* UIImage+ZTHColor.m */,
				17F9A2AC1DA9E90000512756 /* UIImage+ZTHResize.h */,
				17F9A2AD1DA9E90000512756 /* UIImage+ZTHResize.m */,
				17F9A2AE1DA9E90000512756 /* UIImage+ZTHRoundCorner.h */,
				17F9A2AF1DA9E90000512756 /* UIImage+ZTHRoundCorner.m */,
			);
			path = UIImageCategories;
			sourceTree = "<group>";
		};
		17F9A2B21DA9E90000512756 /* UIImageView */ = {
			isa = PBXGroup;
			children = (
				17F9A2B31DA9E90000512756 /* UIImageView+load.h */,
				17F9A2B41DA9E90000512756 /* UIImageView+load.m */,
			);
			path = UIImageView;
			sourceTree = "<group>";
		};
		17F9A2B91DA9E90000512756 /* UITableView */ = {
			isa = PBXGroup;
			children = (
				17F9A2BA1DA9E90000512756 /* UITableView+noDataDefaultView.h */,
				17F9A2BB1DA9E90000512756 /* UITableView+noDataDefaultView.m */,
			);
			path = UITableView;
			sourceTree = "<group>";
		};
		17F9A2BC1DA9E90000512756 /* UIViewCategories */ = {
			isa = PBXGroup;
			children = (
				17F9A2BD1DA9E90000512756 /* UIView+ZTHExtension.h */,
				17F9A2BE1DA9E90000512756 /* UIView+ZTHExtension.m */,
			);
			path = UIViewCategories;
			sourceTree = "<group>";
		};
		17F9A2BF1DA9E90000512756 /* UIViewController */ = {
			isa = PBXGroup;
			children = (
				17F9A2C01DA9E90000512756 /* UIViewController+DismissKeyboard.h */,
				17F9A2C11DA9E90000512756 /* UIViewController+DismissKeyboard.m */,
			);
			path = UIViewController;
			sourceTree = "<group>";
		};
		17F9A2E11DA9EEA900512756 /* ZTHNoDataView */ = {
			isa = PBXGroup;
			children = (
				17F9A2E21DA9EEA900512756 /* ZTHNoDataView.h */,
				17F9A2E31DA9EEA900512756 /* ZTHNoDataView.m */,
			);
			path = ZTHNoDataView;
			sourceTree = "<group>";
		};
		17F9A2EE1DA9F5AC00512756 /* RLTwinkleLoadView */ = {
			isa = PBXGroup;
			children = (
				17F9A2EF1DA9F5CA00512756 /* RLTwinkleLoadView.h */,
				17F9A2F01DA9F5CA00512756 /* RLTwinkleLoadView.m */,
			);
			path = RLTwinkleLoadView;
			sourceTree = "<group>";
		};
		17F9A2F21DA9F6C900512756 /* RLStarButton */ = {
			isa = PBXGroup;
			children = (
				17F9A2FE1DAA0F0C00512756 /* EffectImage.png */,
				17F9A2F31DA9F6E600512756 /* RLStarButton.h */,
				17F9A2F41DA9F6E600512756 /* RLStarButton.m */,
			);
			path = RLStarButton;
			sourceTree = "<group>";
		};
		17F9A2F61DA9F77C00512756 /* RLCopyLabel */ = {
			isa = PBXGroup;
			children = (
				17F9A2F71DA9F79400512756 /* RLCopyLabel.h */,
				17F9A2F81DA9F79400512756 /* RLCopyLabel.m */,
			);
			path = RLCopyLabel;
			sourceTree = "<group>";
		};
		17F9A2FA1DA9F86B00512756 /* customAlert */ = {
			isa = PBXGroup;
			children = (
				17F9A2FB1DA9F86B00512756 /* ZTHCustomPromptView.h */,
				17F9A2FC1DA9F86B00512756 /* ZTHCustomPromptView.m */,
			);
			path = customAlert;
			sourceTree = "<group>";
		};
		17F9A3061DAA13A700512756 /* NSObjectCategories */ = {
			isa = PBXGroup;
			children = (
				17F9A3071DAA13A700512756 /* NSObject+Common.h */,
				17F9A3081DAA13A700512756 /* NSObject+Common.m */,
				17F9A3091DAA13A700512756 /* NSObject+HUD.h */,
				17F9A30A1DAA13A700512756 /* NSObject+HUD.m */,
			);
			path = NSObjectCategories;
			sourceTree = "<group>";
		};
		17F9A30D1DAA158A00512756 /* Database */ = {
			isa = PBXGroup;
			children = (
				17F9A30E1DAA15B500512756 /* RLDatabase.h */,
				17F9A30F1DAA15B500512756 /* RLDatabase.m */,
			);
			path = Database;
			sourceTree = "<group>";
		};
		17F9A3111DAA169600512756 /* Config */ = {
			isa = PBXGroup;
			children = (
				17F9A3121DAA16A600512756 /* RLConfig.h */,
			);
			path = Config;
			sourceTree = "<group>";
		};
		17F9A3131DAA197B00512756 /* BaseViewController */ = {
			isa = PBXGroup;
			children = (
				17F9A3141DAA1AFA00512756 /* RLBaseViewController.h */,
				17F9A3151DAA1AFA00512756 /* RLBaseViewController.m */,
			);
			name = BaseViewController;
			path = "../Network/请求类/BaseViewController";
			sourceTree = "<group>";
		};
		64373018B75D5429453F7EB7 /* Pods */ = {
			isa = PBXGroup;
			children = (
				C405C332266B12003B4F6133 /* Pods-RLProject.debug.xcconfig */,
				4A3F1B8732BA17574C68D15D /* Pods-RLProject.release.xcconfig */,
			);
			name = Pods;
			sourceTree = "<group>";
		};
		73F0C41026C437C5684A9F17 /* Frameworks */ = {
			isa = PBXGroup;
			children = (
				432612644F6ACBE6E5509F40 /* libPods-RLProject.a */,
			);
			name = Frameworks;
			sourceTree = "<group>";
		};
/* End PBXGroup section */

/* Begin PBXNativeTarget section */
		17F9A2161DA9CE5E00512756 /* RLProject */ = {
			isa = PBXNativeTarget;
			buildConfigurationList = 17F9A2471DA9CE5E00512756 /* Build configuration list for PBXNativeTarget "RLProject" */;
			buildPhases = (
				0A09D7761BBC0E8113DAD485 /* Check Pods Manifest.lock */,
				17F9A2131DA9CE5E00512756 /* Sources */,
				17F9A2141DA9CE5E00512756 /* Frameworks */,
				17F9A2151DA9CE5E00512756 /* Resources */,
				2C4B86FBC80BFC6AE22181EA /* Embed Pods Frameworks */,
				62483ECBF22038E8F7422971 /* Copy Pods Resources */,
			);
			buildRules = (
			);
			dependencies = (
			);
			name = RLProject;
			productName = RLProject;
			productReference = 17F9A2171DA9CE5E00512756 /* RLProject.app */;
			productType = "com.apple.product-type.application";
		};
		17F9A2321DA9CE5E00512756 /* RLProjectTests */ = {
			isa = PBXNativeTarget;
			buildConfigurationList = 17F9A24A1DA9CE5E00512756 /* Build configuration list for PBXNativeTarget "RLProjectTests" */;
			buildPhases = (
				17F9A22F1DA9CE5E00512756 /* Sources */,
				17F9A2301DA9CE5E00512756 /* Frameworks */,
				17F9A2311DA9CE5E00512756 /* Resources */,
			);
			buildRules = (
			);
			dependencies = (
				17F9A2351DA9CE5E00512756 /* PBXTargetDependency */,
			);
			name = RLProjectTests;
			productName = RLProjectTests;
			productReference = 17F9A2331DA9CE5E00512756 /* RLProjectTests.xctest */;
			productType = "com.apple.product-type.bundle.unit-test";
		};
		17F9A23D1DA9CE5E00512756 /* RLProjectUITests */ = {
			isa = PBXNativeTarget;
			buildConfigurationList = 17F9A24D1DA9CE5E00512756 /* Build configuration list for PBXNativeTarget "RLProjectUITests" */;
			buildPhases = (
				17F9A23A1DA9CE5E00512756 /* Sources */,
				17F9A23B1DA9CE5E00512756 /* Frameworks */,
				17F9A23C1DA9CE5E00512756 /* Resources */,
			);
			buildRules = (
			);
			dependencies = (
				17F9A2401DA9CE5E00512756 /* PBXTargetDependency */,
			);
			name = RLProjectUITests;
			productName = RLProjectUITests;
			productReference = 17F9A23E1DA9CE5E00512756 /* RLProjectUITests.xctest */;
			productType = "com.apple.product-type.bundle.ui-testing";
		};
/* End PBXNativeTarget section */

/* Begin PBXProject section */
		17F9A20F1DA9CE5E00512756 /* Project object */ = {
			isa = PBXProject;
			attributes = {
				LastUpgradeCheck = 0720;
				ORGANIZATIONNAME = RLProject;
				TargetAttributes = {
					17F9A2161DA9CE5E00512756 = {
						CreatedOnToolsVersion = 7.2;
					};
					17F9A2321DA9CE5E00512756 = {
						CreatedOnToolsVersion = 7.2;
						TestTargetID = 17F9A2161DA9CE5E00512756;
					};
					17F9A23D1DA9CE5E00512756 = {
						CreatedOnToolsVersion = 7.2;
						TestTargetID = 17F9A2161DA9CE5E00512756;
					};
				};
			};
			buildConfigurationList = 17F9A2121DA9CE5E00512756 /* Build configuration list for PBXProject "RLProject" */;
			compatibilityVersion = "Xcode 3.2";
			developmentRegion = English;
			hasScannedForEncodings = 0;
			knownRegions = (
				en,
				Base,
			);
			mainGroup = 17F9A20E1DA9CE5E00512756;
			productRefGroup = 17F9A2181DA9CE5E00512756 /* Products */;
			projectDirPath = "";
			projectRoot = "";
			targets = (
				17F9A2161DA9CE5E00512756 /* RLProject */,
				17F9A2321DA9CE5E00512756 /* RLProjectTests */,
				17F9A23D1DA9CE5E00512756 /* RLProjectUITests */,
			);
		};
/* End PBXProject section */

/* Begin PBXResourcesBuildPhase section */
		17F9A2151DA9CE5E00512756 /* Resources */ = {
			isa = PBXResourcesBuildPhase;
			buildActionMask = 2147483647;
			files = (
				17F9A22D1DA9CE5E00512756 /* LaunchScreen.storyboard in Resources */,
				17F9A22A1DA9CE5E00512756 /* Assets.xcassets in Resources */,
				17F9A2FF1DAA0F0C00512756 /* EffectImage.png in Resources */,
				17F9A2251DA9CE5E00512756 /* Main.storyboard in Resources */,
			);
			runOnlyForDeploymentPostprocessing = 0;
		};
		17F9A2311DA9CE5E00512756 /* Resources */ = {
			isa = PBXResourcesBuildPhase;
			buildActionMask = 2147483647;
			files = (
			);
			runOnlyForDeploymentPostprocessing = 0;
		};
		17F9A23C1DA9CE5E00512756 /* Resources */ = {
			isa = PBXResourcesBuildPhase;
			buildActionMask = 2147483647;
			files = (
			);
			runOnlyForDeploymentPostprocessing = 0;
		};
/* End PBXResourcesBuildPhase section */

/* Begin PBXShellScriptBuildPhase section */
		0A09D7761BBC0E8113DAD485 /* Check Pods Manifest.lock */ = {
			isa = PBXShellScriptBuildPhase;
			buildActionMask = 2147483647;
			files = (
			);
			inputPaths = (
			);
			name = "Check Pods Manifest.lock";
			outputPaths = (
			);
			runOnlyForDeploymentPostprocessing = 0;
			shellPath = /bin/sh;
			shellScript = "diff \"${PODS_ROOT}/../Podfile.lock\" \"${PODS_ROOT}/Manifest.lock\" > /dev/null\nif [[ $? != 0 ]] ; then\n    cat << EOM\nerror: The sandbox is not in sync with the Podfile.lock. Run 'pod install' or update your CocoaPods installation.\nEOM\n    exit 1\nfi\n";
			showEnvVarsInLog = 0;
		};
		2C4B86FBC80BFC6AE22181EA /* Embed Pods Frameworks */ = {
			isa = PBXShellScriptBuildPhase;
			buildActionMask = 2147483647;
			files = (
			);
			inputPaths = (
			);
			name = "Embed Pods Frameworks";
			outputPaths = (
			);
			runOnlyForDeploymentPostprocessing = 0;
			shellPath = /bin/sh;
			shellScript = "\"${SRCROOT}/Pods/Target Support Files/Pods-RLProject/Pods-RLProject-frameworks.sh\"\n";
			showEnvVarsInLog = 0;
		};
		62483ECBF22038E8F7422971 /* Copy Pods Resources */ = {
			isa = PBXShellScriptBuildPhase;
			buildActionMask = 2147483647;
			files = (
			);
			inputPaths = (
			);
			name = "Copy Pods Resources";
			outputPaths = (
			);
			runOnlyForDeploymentPostprocessing = 0;
			shellPath = /bin/sh;
			shellScript = "\"${SRCROOT}/Pods/Target Support Files/Pods-RLProject/Pods-RLProject-resources.sh\"\n";
			showEnvVarsInLog = 0;
		};
/* End PBXShellScriptBuildPhase section */

/* Begin PBXSourcesBuildPhase section */
		17F9A2131DA9CE5E00512756 /* Sources */ = {
			isa = PBXSourcesBuildPhase;
			buildActionMask = 2147483647;
			files = (
				17F9A2D31DA9E90000512756 /* UIColor+ZTHImage.m in Sources */,
				17F9A2CB1DA9E90000512756 /* NSString+RemoveEmoji.m in Sources */,
				17F9A2C21DA9E90000512756 /* NSDate+ZLExtension.m in Sources */,
				17F9A2CD1DA9E90000512756 /* NSString+ZLString2Date.m in Sources */,
				17F9A2221DA9CE5E00512756 /* ViewController.m in Sources */,
				17F9A2C51DA9E90000512756 /* NSMutableAttributedString+utils.m in Sources */,
				17F9A21F1DA9CE5E00512756 /* AppDelegate.m in Sources */,
				17F9A3051DAA12AF00512756 /* NSDictionary+Safe.m in Sources */,
				17F9A2CE1DA9E90000512756 /* NSString+ZTHUtils.m in Sources */,
				17F9A3161DAA1AFA00512756 /* RLBaseViewController.m in Sources */,
				17F9A2C41DA9E90000512756 /* NSDictionary+Accessors.m in Sources */,
				17F9A2711DA9E67800512756 /* ZTHDateFormatterFactory.m in Sources */,
				17F9A2751DA9E67800512756 /* ZTHUserDefaults.m in Sources */,
				17F9A2D71DA9E90000512756 /* UIImage+ZTHColor.m in Sources */,
				17F9A2C91DA9E90000512756 /* NSString+MD5.m in Sources */,
				17F9A2D11DA9E90000512756 /* UIButton+ZTHBtnLayout.m in Sources */,
				17F9A2FD1DA9F86B00512756 /* ZTHCustomPromptView.m in Sources */,
				17F9A2761DA9E67800512756 /* ZTHVersion.m in Sources */,
				17F9A2D91DA9E90000512756 /* UIImage+ZTHRoundCorner.m in Sources */,
				176305821DAB78F900AD2699 /* GetShoolDetailInfo.m in Sources */,
				17F9A3101DAA15B500512756 /* RLDatabase.m in Sources */,
				17F9A2641DA9E53B00512756 /* ConstDefine.m in Sources */,
				17F9A30B1DAA13A700512756 /* NSObject+Common.m in Sources */,
				17F9A2D51DA9E90000512756 /* UIImage+ScaleImage.m in Sources */,
				17F9A30C1DAA13A700512756 /* NSObject+HUD.m in Sources */,
				17F9A2731DA9E67800512756 /* ZTHSandbox.m in Sources */,
				17F9A2D61DA9E90000512756 /* UIImage+ZTHAlpha.m in Sources */,
				17F9A2CC1DA9E90000512756 /* NSString+Safe.m in Sources */,
				17F9A2F51DA9F6E600512756 /* RLStarButton.m in Sources */,
				17F9A3041DAA12AF00512756 /* NSDictionary+JSON.m in Sources */,
				17F9A2DB1DA9E90000512756 /* UIImageView+load.m in Sources */,
				17F9A2ED1DA9F40700512756 /* Utils+Camera.m in Sources */,
				17F9A2D81DA9E90000512756 /* UIImage+ZTHResize.m in Sources */,
				17F9A2D21DA9E90000512756 /* UIColor+ImageGetColor.m in Sources */,
				17F9A2EA1DA9F32F00512756 /* Utils+FileManager.m in Sources */,
				17F9A2721DA9E67800512756 /* ZTHJsonUtils.m in Sources */,
				176305A61DAB95EA00AD2699 /* ZTHSchoolDetailInfoResult.m in Sources */,
				17F9A2741DA9E67800512756 /* ZTHSystemInfo.m in Sources */,
				17F9A2F11DA9F5CA00512756 /* RLTwinkleLoadView.m in Sources */,
				17F9A2C81DA9E90000512756 /* NSString+Category.m in Sources */,
				17F9A2E71DA9EF2400512756 /* Utils.m in Sources */,
				17F9A21C1DA9CE5E00512756 /* main.m in Sources */,
				17F9A3191DAA2C1400512756 /* RLGlobalDataManager.m in Sources */,
				17F9A2D41DA9E90000512756 /* UIImage+ImageEffects.m in Sources */,
				176305A31DAB955D00AD2699 /* YTKBaseRequest+ZTRequest.m in Sources */,
				17F9A2F91DA9F79400512756 /* RLCopyLabel.m in Sources */,
				17F9A2E01DA9E90000512756 /* UIViewController+DismissKeyboard.m in Sources */,
				17F9A2281DA9CE5E00512756 /* RLProject.xcdatamodeld in Sources */,
				1763057C1DAB6F4D00AD2699 /* RLRequest.m in Sources */,
				17F9A2DE1DA9E90000512756 /* UITableView+noDataDefaultView.m in Sources */,
				17F9A2C31DA9E90000512756 /* NSDateFormatter+ZTHFactory.m in Sources */,
				17F9A2E41DA9EEA900512756 /* ZTHNoDataView.m in Sources */,
				17F9A2DF1DA9E90000512756 /* UIView+ZTHExtension.m in Sources */,
			);
			runOnlyForDeploymentPostprocessing = 0;
		};
		17F9A22F1DA9CE5E00512756 /* Sources */ = {
			isa = PBXSourcesBuildPhase;
			buildActionMask = 2147483647;
			files = (
				17F9A2381DA9CE5E00512756 /* RLProjectTests.m in Sources */,
			);
			runOnlyForDeploymentPostprocessing = 0;
		};
		17F9A23A1DA9CE5E00512756 /* Sources */ = {
			isa = PBXSourcesBuildPhase;
			buildActionMask = 2147483647;
			files = (
				17F9A2431DA9CE5E00512756 /* RLProjectUITests.m in Sources */,
			);
			runOnlyForDeploymentPostprocessing = 0;
		};
/* End PBXSourcesBuildPhase section */

/* Begin PBXTargetDependency section */
		17F9A2351DA9CE5E00512756 /* PBXTargetDependency */ = {
			isa = PBXTargetDependency;
			target = 17F9A2161DA9CE5E00512756 /* RLProject */;
			targetProxy = 17F9A2341DA9CE5E00512756 /* PBXContainerItemProxy */;
		};
		17F9A2401DA9CE5E00512756 /* PBXTargetDependency */ = {
			isa = PBXTargetDependency;
			target = 17F9A2161DA9CE5E00512756 /* RLProject */;
			targetProxy = 17F9A23F1DA9CE5E00512756 /* PBXContainerItemProxy */;
		};
/* End PBXTargetDependency section */

/* Begin PBXVariantGroup section */
		17F9A2231DA9CE5E00512756 /* Main.storyboard */ = {
			isa = PBXVariantGroup;
			children = (
				17F9A2241DA9CE5E00512756 /* Base */,
			);
			name = Main.storyboard;
			sourceTree = "<group>";
		};
		17F9A22B1DA9CE5E00512756 /* LaunchScreen.storyboard */ = {
			isa = PBXVariantGroup;
			children = (
				17F9A22C1DA9CE5E00512756 /* Base */,
			);
			name = LaunchScreen.storyboard;
			sourceTree = "<group>";
		};
/* End PBXVariantGroup section */

/* Begin XCBuildConfiguration section */
		17F9A2451DA9CE5E00512756 /* Debug */ = {
			isa = XCBuildConfiguration;
			buildSettings = {
				ALWAYS_SEARCH_USER_PATHS = NO;
				CLANG_CXX_LANGUAGE_STANDARD = "gnu++0x";
				CLANG_CXX_LIBRARY = "libc++";
				CLANG_ENABLE_MODULES = YES;
				CLANG_ENABLE_OBJC_ARC = YES;
				CLANG_WARN_BOOL_CONVERSION = YES;
				CLANG_WARN_CONSTANT_CONVERSION = YES;
				CLANG_WARN_DIRECT_OBJC_ISA_USAGE = YES_ERROR;
				CLANG_WARN_EMPTY_BODY = YES;
				CLANG_WARN_ENUM_CONVERSION = YES;
				CLANG_WARN_INT_CONVERSION = YES;
				CLANG_WARN_OBJC_ROOT_CLASS = YES_ERROR;
				CLANG_WARN_UNREACHABLE_CODE = YES;
				CLANG_WARN__DUPLICATE_METHOD_MATCH = YES;
				"CODE_SIGN_IDENTITY[sdk=iphoneos*]" = "iPhone Developer";
				COPY_PHASE_STRIP = NO;
				DEBUG_INFORMATION_FORMAT = dwarf;
				ENABLE_STRICT_OBJC_MSGSEND = YES;
				ENABLE_TESTABILITY = YES;
				GCC_C_LANGUAGE_STANDARD = gnu99;
				GCC_DYNAMIC_NO_PIC = NO;
				GCC_NO_COMMON_BLOCKS = YES;
				GCC_OPTIMIZATION_LEVEL = 0;
				GCC_PREPROCESSOR_DEFINITIONS = (
					"DEBUG=1",
					"$(inherited)",
				);
				GCC_WARN_64_TO_32_BIT_CONVERSION = YES;
				GCC_WARN_ABOUT_RETURN_TYPE = YES_ERROR;
				GCC_WARN_UNDECLARED_SELECTOR = YES;
				GCC_WARN_UNINITIALIZED_AUTOS = YES_AGGRESSIVE;
				GCC_WARN_UNUSED_FUNCTION = YES;
				GCC_WARN_UNUSED_VARIABLE = YES;
				IPHONEOS_DEPLOYMENT_TARGET = 9.2;
				MTL_ENABLE_DEBUG_INFO = YES;
				ONLY_ACTIVE_ARCH = YES;
				SDKROOT = iphoneos;
				TARGETED_DEVICE_FAMILY = "1,2";
			};
			name = Debug;
		};
		17F9A2461DA9CE5E00512756 /* Release */ = {
			isa = XCBuildConfiguration;
			buildSettings = {
				ALWAYS_SEARCH_USER_PATHS = NO;
				CLANG_CXX_LANGUAGE_STANDARD = "gnu++0x";
				CLANG_CXX_LIBRARY = "libc++";
				CLANG_ENABLE_MODULES = YES;
				CLANG_ENABLE_OBJC_ARC = YES;
				CLANG_WARN_BOOL_CONVERSION = YES;
				CLANG_WARN_CONSTANT_CONVERSION = YES;
				CLANG_WARN_DIRECT_OBJC_ISA_USAGE = YES_ERROR;
				CLANG_WARN_EMPTY_BODY = YES;
				CLANG_WARN_ENUM_CONVERSION = YES;
				CLANG_WARN_INT_CONVERSION = YES;
				CLANG_WARN_OBJC_ROOT_CLASS = YES_ERROR;
				CLANG_WARN_UNREACHABLE_CODE = YES;
				CLANG_WARN__DUPLICATE_METHOD_MATCH = YES;
				"CODE_SIGN_IDENTITY[sdk=iphoneos*]" = "iPhone Developer";
				COPY_PHASE_STRIP = NO;
				DEBUG_INFORMATION_FORMAT = "dwarf-with-dsym";
				ENABLE_NS_ASSERTIONS = NO;
				ENABLE_STRICT_OBJC_MSGSEND = YES;
				GCC_C_LANGUAGE_STANDARD = gnu99;
				GCC_NO_COMMON_BLOCKS = YES;
				GCC_WARN_64_TO_32_BIT_CONVERSION = YES;
				GCC_WARN_ABOUT_RETURN_TYPE = YES_ERROR;
				GCC_WARN_UNDECLARED_SELECTOR = YES;
				GCC_WARN_UNINITIALIZED_AUTOS = YES_AGGRESSIVE;
				GCC_WARN_UNUSED_FUNCTION = YES;
				GCC_WARN_UNUSED_VARIABLE = YES;
				IPHONEOS_DEPLOYMENT_TARGET = 9.2;
				MTL_ENABLE_DEBUG_INFO = NO;
				SDKROOT = iphoneos;
				TARGETED_DEVICE_FAMILY = "1,2";
				VALIDATE_PRODUCT = YES;
			};
			name = Release;
		};
		17F9A2481DA9CE5E00512756 /* Debug */ = {
			isa = XCBuildConfiguration;
			baseConfigurationReference = C405C332266B12003B4F6133 /* Pods-RLProject.debug.xcconfig */;
			buildSettings = {
				ASSETCATALOG_COMPILER_APPICON_NAME = AppIcon;
				GCC_PREFIX_HEADER = RLProject/RLProject.pch;
				INFOPLIST_FILE = RLProject/Info.plist;
				IPHONEOS_DEPLOYMENT_TARGET = 7.0;
				LD_RUNPATH_SEARCH_PATHS = "$(inherited) @executable_path/Frameworks";
				PRODUCT_BUNDLE_IDENTIFIER = RLProject.RLProject;
				PRODUCT_NAME = "$(TARGET_NAME)";
			};
			name = Debug;
		};
		17F9A2491DA9CE5E00512756 /* Release */ = {
			isa = XCBuildConfiguration;
			baseConfigurationReference = 4A3F1B8732BA17574C68D15D /* Pods-RLProject.release.xcconfig */;
			buildSettings = {
				ASSETCATALOG_COMPILER_APPICON_NAME = AppIcon;
				GCC_PREFIX_HEADER = RLProject/RLProject.pch;
				INFOPLIST_FILE = RLProject/Info.plist;
				IPHONEOS_DEPLOYMENT_TARGET = 7.0;
				LD_RUNPATH_SEARCH_PATHS = "$(inherited) @executable_path/Frameworks";
				PRODUCT_BUNDLE_IDENTIFIER = RLProject.RLProject;
				PRODUCT_NAME = "$(TARGET_NAME)";
			};
			name = Release;
		};
		17F9A24B1DA9CE5E00512756 /* Debug */ = {
			isa = XCBuildConfiguration;
			buildSettings = {
				BUNDLE_LOADER = "$(TEST_HOST)";
				INFOPLIST_FILE = RLProjectTests/Info.plist;
				LD_RUNPATH_SEARCH_PATHS = "$(inherited) @executable_path/Frameworks @loader_path/Frameworks";
				PRODUCT_BUNDLE_IDENTIFIER = RLProject.RLProjectTests;
				PRODUCT_NAME = "$(TARGET_NAME)";
				TEST_HOST = "$(BUILT_PRODUCTS_DIR)/RLProject.app/RLProject";
			};
			name = Debug;
		};
		17F9A24C1DA9CE5E00512756 /* Release */ = {
			isa = XCBuildConfiguration;
			buildSettings = {
				BUNDLE_LOADER = "$(TEST_HOST)";
				INFOPLIST_FILE = RLProjectTests/Info.plist;
				LD_RUNPATH_SEARCH_PATHS = "$(inherited) @executable_path/Frameworks @loader_path/Frameworks";
				PRODUCT_BUNDLE_IDENTIFIER = RLProject.RLProjectTests;
				PRODUCT_NAME = "$(TARGET_NAME)";
				TEST_HOST = "$(BUILT_PRODUCTS_DIR)/RLProject.app/RLProject";
			};
			name = Release;
		};
		17F9A24E1DA9CE5E00512756 /* Debug */ = {
			isa = XCBuildConfiguration;
			buildSettings = {
				INFOPLIST_FILE = RLProjectUITests/Info.plist;
				LD_RUNPATH_SEARCH_PATHS = "$(inherited) @executable_path/Frameworks @loader_path/Frameworks";
				PRODUCT_BUNDLE_IDENTIFIER = RLProject.RLProjectUITests;
				PRODUCT_NAME = "$(TARGET_NAME)";
				TEST_TARGET_NAME = RLProject;
				USES_XCTRUNNER = YES;
			};
			name = Debug;
		};
		17F9A24F1DA9CE5E00512756 /* Release */ = {
			isa = XCBuildConfiguration;
			buildSettings = {
				INFOPLIST_FILE = RLProjectUITests/Info.plist;
				LD_RUNPATH_SEARCH_PATHS = "$(inherited) @executable_path/Frameworks @loader_path/Frameworks";
				PRODUCT_BUNDLE_IDENTIFIER = RLProject.RLProjectUITests;
				PRODUCT_NAME = "$(TARGET_NAME)";
				TEST_TARGET_NAME = RLProject;
				USES_XCTRUNNER = YES;
			};
			name = Release;
		};
/* End XCBuildConfiguration section */

/* Begin XCConfigurationList section */
		17F9A2121DA9CE5E00512756 /* Build configuration list for PBXProject "RLProject" */ = {
			isa = XCConfigurationList;
			buildConfigurations = (
				17F9A2451DA9CE5E00512756 /* Debug */,
				17F9A2461DA9CE5E00512756 /* Release */,
			);
			defaultConfigurationIsVisible = 0;
			defaultConfigurationName = Release;
		};
		17F9A2471DA9CE5E00512756 /* Build configuration list for PBXNativeTarget "RLProject" */ = {
			isa = XCConfigurationList;
			buildConfigurations = (
				17F9A2481DA9CE5E00512756 /* Debug */,
				17F9A2491DA9CE5E00512756 /* Release */,
			);
			defaultConfigurationIsVisible = 0;
			defaultConfigurationName = Release;
		};
		17F9A24A1DA9CE5E00512756 /* Build configuration list for PBXNativeTarget "RLProjectTests" */ = {
			isa = XCConfigurationList;
			buildConfigurations = (
				17F9A24B1DA9CE5E00512756 /* Debug */,
				17F9A24C1DA9CE5E00512756 /* Release */,
			);
			defaultConfigurationIsVisible = 0;
			defaultConfigurationName = Release;
		};
		17F9A24D1DA9CE5E00512756 /* Build configuration list for PBXNativeTarget "RLProjectUITests" */ = {
			isa = XCConfigurationList;
			buildConfigurations = (
				17F9A24E1DA9CE5E00512756 /* Debug */,
				17F9A24F1DA9CE5E00512756 /* Release */,
			);
			defaultConfigurationIsVisible = 0;
			defaultConfigurationName = Release;
		};
/* End XCConfigurationList section */

/* Begin XCVersionGroup section */
		17F9A2261DA9CE5E00512756 /* RLProject.xcdatamodeld */ = {
			isa = XCVersionGroup;
			children = (
				17F9A2271DA9CE5E00512756 /* RLProject.xcdatamodel */,
			);
			currentVersion = 17F9A2271DA9CE5E00512756 /* RLProject.xcdatamodel */;
			path = RLProject.xcdatamodeld;
			sourceTree = "<group>";
			versionGroupType = wrapper.xcdatamodel;
		};
/* End XCVersionGroup section */
	};
	rootObject = 17F9A20F1DA9CE5E00512756 /* Project object */;
}
